
Microsoft Visual Studio Solution File, Format Version 12.00
# Visual Studio 2017
Project("{FAE04EC0-301F-11D3-BF4B-00C04F79EFBC}") = "13.Plugins", "13.Plugins.csproj", "{6D3EF342-A8AA-A814-8824-B02BD5FBD5C8}"
EndProject
Project("{FAE04EC0-301F-11D3-BF4B-00C04F79EFBC}") = "13.Editor.Plugins", "13.Editor.Plugins.csproj", "{0472CD38-C55A-7D44-7634-7842733E3769}"
EndProject
Project("{FAE04EC0-301F-11D3-BF4B-00C04F79EFBC}") = "13.Editor", "13.Editor.csproj", "{3BD5FA92-F2C1-78F1-CA4F-E33DDA1027D6}"
EndProject
Global
	GlobalSection(SolutionConfigurationPlatforms) = preSolution
		Debug|Any CPU = Debug|Any CPU
		Release|Any CPU = Release|Any CPU
	EndGlobalSection
	GlobalSection(ProjectConfigurationPlatforms) = postSolution
		{6D3EF342-A8AA-A814-8824-B02BD5FBD5C8}.Debug|Any CPU.ActiveCfg = Debug|Any CPU
		{6D3EF342-A8AA-A814-8824-B02BD5FBD5C8}.Debug|Any CPU.Build.0 = Debug|Any CPU
		{6D3EF342-A8AA-A814-8824-B02BD5FBD5C8}.Release|Any CPU.ActiveCfg = Release|Any CPU
		{6D3EF342-A8AA-A814-8824-B02BD5FBD5C8}.Release|Any CPU.Build.0 = Release|Any CPU
		{0472CD38-C55A-7D44-7634-7842733E3769}.Debug|Any CPU.ActiveCfg = Debug|Any CPU
		{0472CD38-C55A-7D44-7634-7842733E3769}.Debug|Any CPU.Build.0 = Debug|Any CPU
		{0472CD38-C55A-7D44-7634-7842733E3769}.Release|Any CPU.ActiveCfg = Release|Any CPU
		{0472CD38-C55A-7D44-7634-7842733E3769}.Release|Any CPU.Build.0 = Release|Any CPU
		{3BD5FA92-F2C1-78F1-CA4F-E33DDA1027D6}.Debug|Any CPU.ActiveCfg = Debug|Any CPU
		{3BD5FA92-F2C1-78F1-CA4F-E33DDA1027D6}.Debug|Any CPU.Build.0 = Debug|Any CPU
		{3BD5FA92-F2C1-78F1-CA4F-E33DDA1027D6}.Release|Any CPU.ActiveCfg = Release|Any CPU
		{3BD5FA92-F2C1-78F1-CA4F-E33DDA1027D6}.Release|Any CPU.Build.0 = Release|Any CPU
	EndGlobalSection
	GlobalSection(SolutionProperties) = preSolution
		HideSolutionNode = FALSE
	EndGlobalSection
EndGlobal
